{
  "name": "client",
  "lockfileVersion": 2,
  "requires": true,
  "packages": {
    "": {
      "dependencies": {
        "signalr": "^2.4.3"
      }
    },
    "node_modules/jquery": {
      "version": "3.6.3",
      "resolved": "https://registry.npmjs.org/jquery/-/jquery-3.6.3.tgz",
      "integrity": "sha512-bZ5Sy3YzKo9Fyc8wH2iIQK4JImJ6R0GWI9kL1/k7Z91ZBNgkRXE6U0JfHIizZbort8ZunhSI3jw9I6253ahKfg=="
    },
    "node_modules/signalr": {
      "version": "2.4.3",
      "resolved": "https://registry.npmjs.org/signalr/-/signalr-2.4.3.tgz",
      "integrity": "sha512-RbBKFVCZvDgyyxZDeu6Yck9T+diZO07GB0bDiKondUhBY1H8JRQSOq8R0pLkf47ddllQAssYlp7ckQAeom24mw==",
      "dependencies": {
        "jquery": ">=1.6.4"
      }
    }
  },
  "dependencies": {
    "jquery": {
      "version": "3.6.3",
      "resolved": "https://registry.npmjs.org/jquery/-/jquery-3.6.3.tgz",
      "integrity": "sha512-bZ5Sy3YzKo9Fyc8wH2iIQK4JImJ6R0GWI9kL1/k7Z91ZBNgkRXE6U0JfHIizZbort8ZunhSI3jw9I6253ahKfg=="
    },
    "signalr": {
      "version": "2.4.3",
      "resolved": "https://registry.npmjs.org/signalr/-/signalr-2.4.3.tgz",
      "integrity": "sha512-RbBKFVCZvDgyyxZDeu6Yck9T+diZO07GB0bDiKondUhBY1H8JRQSOq8R0pLkf47ddllQAssYlp7ckQAeom24mw==",
      "requires": {
        "jquery": ">=1.6.4"
      }
    }
  }
}
